
Microsoft Visual Studio Solution File, Format Version 12.00
# Visual Studio Version 17
VisualStudioVersion = 17.14.36623.8
MinimumVisualStudioVersion = 10.0.40219.1
Project("{FAE04EC0-301F-11D3-BF4B-00C04F79EFBC}") = "FlurryEditorPlugin", "FlurryEditorPlugin\FlurryEditorPlugin.csproj", "{33BE8DEB-710D-842E-3B93-CC6382E7FD5F}"
EndProject
Project("{FAE04EC0-301F-11D3-BF4B-00C04F79EFBC}") = "FlurryManagerPlugin", "FlurryManagerPlugin\FlurryManagerPlugin.csproj", "{4C612468-9B6A-4304-88A5-055C3575EB3E}"
EndProject
Project("{2150E333-8FDC-42A3-9474-1A3956D46DE8}") = "Meta", "Meta", "{8EC462FD-D22E-90A8-E5CE-7E832BA40C5D}"
	ProjectSection(SolutionItems) = preProject
		.gitignore = .gitignore
		LICENSE.md = LICENSE.md
		README.md = README.md
	EndProjectSection
EndProject
Global
	GlobalSection(SolutionConfigurationPlatforms) = preSolution
		Developer - Debug|x64 = Developer - Debug|x64
		Developer - Debug|x86 = Developer - Debug|x86
		Release - Alpha|x64 = Release - Alpha|x64
		Release - Alpha|x86 = Release - Alpha|x86
		Release - Beta|x64 = Release - Beta|x64
		Release - Beta|x86 = Release - Beta|x86
		Release - Final|x64 = Release - Final|x64
		Release - Final|x86 = Release - Final|x86
	EndGlobalSection
	GlobalSection(ProjectConfigurationPlatforms) = postSolution
		{33BE8DEB-710D-842E-3B93-CC6382E7FD5F}.Developer - Debug|x64.ActiveCfg = Developer - Debug|x64
		{33BE8DEB-710D-842E-3B93-CC6382E7FD5F}.Developer - Debug|x64.Build.0 = Developer - Debug|x64
		{33BE8DEB-710D-842E-3B93-CC6382E7FD5F}.Developer - Debug|x86.ActiveCfg = Developer - Debug|x64
		{33BE8DEB-710D-842E-3B93-CC6382E7FD5F}.Developer - Debug|x86.Build.0 = Developer - Debug|x64
		{33BE8DEB-710D-842E-3B93-CC6382E7FD5F}.Release - Alpha|x64.ActiveCfg = Release - Alpha|x64
		{33BE8DEB-710D-842E-3B93-CC6382E7FD5F}.Release - Alpha|x64.Build.0 = Release - Alpha|x64
		{33BE8DEB-710D-842E-3B93-CC6382E7FD5F}.Release - Alpha|x86.ActiveCfg = Release - Alpha|x64
		{33BE8DEB-710D-842E-3B93-CC6382E7FD5F}.Release - Alpha|x86.Build.0 = Release - Alpha|x64
		{33BE8DEB-710D-842E-3B93-CC6382E7FD5F}.Release - Beta|x64.ActiveCfg = Release - Beta|x64
		{33BE8DEB-710D-842E-3B93-CC6382E7FD5F}.Release - Beta|x64.Build.0 = Release - Beta|x64
		{33BE8DEB-710D-842E-3B93-CC6382E7FD5F}.Release - Beta|x86.ActiveCfg = Release - Beta|x64
		{33BE8DEB-710D-842E-3B93-CC6382E7FD5F}.Release - Beta|x86.Build.0 = Release - Beta|x64
		{33BE8DEB-710D-842E-3B93-CC6382E7FD5F}.Release - Final|x64.ActiveCfg = Release - Final|x64
		{33BE8DEB-710D-842E-3B93-CC6382E7FD5F}.Release - Final|x64.Build.0 = Release - Final|x64
		{33BE8DEB-710D-842E-3B93-CC6382E7FD5F}.Release - Final|x86.ActiveCfg = Release - Final|x64
		{33BE8DEB-710D-842E-3B93-CC6382E7FD5F}.Release - Final|x86.Build.0 = Release - Final|x64
		{4C612468-9B6A-4304-88A5-055C3575EB3E}.Developer - Debug|x64.ActiveCfg = Developer - Debug|x64
		{4C612468-9B6A-4304-88A5-055C3575EB3E}.Developer - Debug|x64.Build.0 = Developer - Debug|x64
		{4C612468-9B6A-4304-88A5-055C3575EB3E}.Developer - Debug|x86.ActiveCfg = Developer - Debug|x64
		{4C612468-9B6A-4304-88A5-055C3575EB3E}.Developer - Debug|x86.Build.0 = Developer - Debug|x64
		{4C612468-9B6A-4304-88A5-055C3575EB3E}.Release - Alpha|x64.ActiveCfg = Release - Alpha|x64
		{4C612468-9B6A-4304-88A5-055C3575EB3E}.Release - Alpha|x64.Build.0 = Release - Alpha|x64
		{4C612468-9B6A-4304-88A5-055C3575EB3E}.Release - Alpha|x86.ActiveCfg = Release - Alpha|x64
		{4C612468-9B6A-4304-88A5-055C3575EB3E}.Release - Alpha|x86.Build.0 = Release - Alpha|x64
		{4C612468-9B6A-4304-88A5-055C3575EB3E}.Release - Beta|x64.ActiveCfg = Release - Beta|x64
		{4C612468-9B6A-4304-88A5-055C3575EB3E}.Release - Beta|x64.Build.0 = Release - Beta|x64
		{4C612468-9B6A-4304-88A5-055C3575EB3E}.Release - Beta|x86.ActiveCfg = Release - Beta|x64
		{4C612468-9B6A-4304-88A5-055C3575EB3E}.Release - Beta|x86.Build.0 = Release - Beta|x64
		{4C612468-9B6A-4304-88A5-055C3575EB3E}.Release - Final|x64.ActiveCfg = Release - Final|x64
		{4C612468-9B6A-4304-88A5-055C3575EB3E}.Release - Final|x64.Build.0 = Release - Final|x64
		{4C612468-9B6A-4304-88A5-055C3575EB3E}.Release - Final|x86.ActiveCfg = Release - Final|x64
		{4C612468-9B6A-4304-88A5-055C3575EB3E}.Release - Final|x86.Build.0 = Release - Final|x64
	EndGlobalSection
	GlobalSection(SolutionProperties) = preSolution
		HideSolutionNode = FALSE
	EndGlobalSection
	GlobalSection(ExtensibilityGlobals) = postSolution
		SolutionGuid = {5BC4B651-BCAE-477B-B114-B463A05A21A3}
	EndGlobalSection
EndGlobal
